
Microsoft Visual Studio Solution File, Format Version 12.00
# Visual Studio 15
VisualStudioVersion = 15.0.26403.7
MinimumVisualStudioVersion = 10.0.40219.1
Project("{FAE04EC0-301F-11D3-BF4B-00C04F79EFBC}") = "MVCScratch", "MVCScratch\MVCScratch.csproj", "{7DA0564D-67F4-4797-881A-4B5A64A58252}"
EndProject
Project("{FAE04EC0-301F-11D3-BF4B-00C04F79EFBC}") = "MVCScratch.Tests", "MVCScratch.Tests\MVCScratch.Tests.csproj", "{FC4D3627-3065-4300-8883-E7F0A206B1AA}"
EndProject
Global
	GlobalSection(SolutionConfigurationPlatforms) = preSolution
		Debug|Any CPU = Debug|Any CPU
		Release|Any CPU = Release|Any CPU
	EndGlobalSection
	GlobalSection(ProjectConfigurationPlatforms) = postSolution
		{7DA0564D-67F4-4797-881A-4B5A64A58252}.Debug|Any CPU.ActiveCfg = Debug|Any CPU
		{7DA0564D-67F4-4797-881A-4B5A64A58252}.Debug|Any CPU.Build.0 = Debug|Any CPU
		{7DA0564D-67F4-4797-881A-4B5A64A58252}.Release|Any CPU.ActiveCfg = Release|Any CPU
		{7DA0564D-67F4-4797-881A-4B5A64A58252}.Release|Any CPU.Build.0 = Release|Any CPU
		{FC4D3627-3065-4300-8883-E7F0A206B1AA}.Debug|Any CPU.ActiveCfg = Debug|Any CPU
		{FC4D3627-3065-4300-8883-E7F0A206B1AA}.Debug|Any CPU.Build.0 = Debug|Any CPU
		{FC4D3627-3065-4300-8883-E7F0A206B1AA}.Release|Any CPU.ActiveCfg = Release|Any CPU
		{FC4D3627-3065-4300-8883-E7F0A206B1AA}.Release|Any CPU.Build.0 = Release|Any CPU
	EndGlobalSection
	GlobalSection(SolutionProperties) = preSolution
		HideSolutionNode = FALSE
	EndGlobalSection
EndGlobal
